PODS:
  - FMDB (2.6.2):
    - FMDB/standard (= 2.6.2)
  - FMDB/standard (2.6.2)
  - FMDBHelper (0.2.0):
    - FMDB (= 2.6.2)
  - Kiwi (2.4.0)

DEPENDENCIES:
  - FMDB (= 2.6.2)
  - FMDBHelper (from `../`)
  - Kiwi (= 2.4.0)

EXTERNAL SOURCES:
  FMDBHelper:
    :path: ../

SPEC CHECKSUMS:
  FMDB: 854a0341b4726e53276f2a8996f06f1b80f9259a
  FMDBHelper: 8f6a750760fcc25a514eaae2063b720631724b77
  Kiwi: f49c9d54b28917df5928fe44968a39ed198cb8a8

COCOAPODS: 0.39.0
