PODS:
  - FMDB (2.6.2):
    - FMDB/standard (= 2.6.2)
  - FMDB/standard (2.6.2)
  - FMDBHelper (1.0.0):
    - FMDB (= 2.6.2)
  - Kiwi (2.4.0)

DEPENDENCIES:
  - FMDB (= 2.6.2)
  - FMDBHelper (from `../`)
  - Kiwi (= 2.4.0)

EXTERNAL SOURCES:
  FMDBHelper:
    :path: ../

SPEC CHECKSUMS:
  FMDB: 854a0341b4726e53276f2a8996f06f1b80f9259a
  FMDBHelper: ac71f8993d8a9481ec1f5348571a0ac983e59398
  Kiwi: f49c9d54b28917df5928fe44968a39ed198cb8a8

PODFILE CHECKSUM: 00a24662dbe812775fba8fa932c101cca6b4e5df

COCOAPODS: 1.2.0.beta.1
