PODS:
  - FMDB (2.7.5):
    - FMDB/standard (= 2.7.5)
  - FMDB/standard (2.7.5)
  - FMDBHelper (1.1.0):
    - FMDB (= 2.7.5)
  - Kiwi (3.0.0)

DEPENDENCIES:
  - FMDBHelper (from `../`)
  - Kiwi (= 3.0.0)

SPEC REPOS:
  https://github.com/cocoapods/specs.git:
    - FMDB
    - Kiwi

EXTERNAL SOURCES:
  FMDBHelper:
    :path: "../"

SPEC CHECKSUMS:
  FMDB: 2ce00b547f966261cd18927a3ddb07cb6f3db82a
  FMDBHelper: 6fb8cf752838b308876ef989603e48442ecd4c37
  Kiwi: fbeafef0f00e4d8f7dcb3420a4930afe70af77f7

PODFILE CHECKSUM: 6f6a1127fb3749b24238e061a948978f12a6e8c3

COCOAPODS: 1.5.3
